{
  "originHash" : "603ca4b951788bd942bb33be972c028aece1e985ca9ed67af63b59ef4cba9064",
  "pins" : [
    {
      "identity" : "clerk-convex-swift",
      "kind" : "remoteSourceControl",
      "location" : "https://github.com/clerk/clerk-convex-swift",
      "state" : {
        "revision" : "5c7e62ee329a00df0f9ed73462c54b069a7286ab",
        "version" : "0.1.0"
      }
    },
    {
      "identity" : "clerk-ios",
      "kind" : "remoteSourceControl",
      "location" : "https://github.com/clerk/clerk-ios",
      "state" : {
        "revision" : "1a75c1e29b22f746a3816ae95b5434c6109b91a7",
        "version" : "1.3.6"
      }
    },
    {
      "identity" : "convex-swift",
      "kind" : "remoteSourceControl",
      "location" : "https://github.com/get-convex/convex-swift",
      "state" : {
        "revision" : "125b71b2f8725931a5b0e8252f0799ef2adad120",
        "version" : "0.8.1"
      }
    },
    {
      "identity" : "nuke",
      "kind" : "remoteSourceControl",
      "location" : "https://github.com/kean/Nuke.git",
      "state" : {
        "revision" : "63a8fcbd6621340a2410bc3e9575ac97058615f4",
        "version" : "13.0.6"
      }
    },
    {
      "identity" : "onesignal-xcframework",
      "kind" : "remoteSourceControl",
      "location" : "https://github.com/OneSignal/OneSignal-XCFramework",
      "state" : {
        "revision" : "befe5b59232a6d8752ad3ae49bd2f86474dff932",
        "version" : "5.5.6"
      }
    },
    {
      "identity" : "phonenumberkit",
      "kind" : "remoteSourceControl",
      "location" : "https://github.com/PhoneNumberKit/PhoneNumberKit",
      "state" : {
        "revision" : "e18a029dbada1d8eb32e3f81a4eb72eba539ff75",
        "version" : "5.0.6"
      }
    },
    {
      "identity" : "posthog-ios",
      "kind" : "remoteSourceControl",
      "location" : "https://github.com/PostHog/posthog-ios",
      "state" : {
        "revision" : "21f0162f47b4f4d775cdde5f6a74bfe665333e65",
        "version" : "3.69.2"
      }
    },
    {
      "identity" : "purchases-ios-spm",
      "kind" : "remoteSourceControl",
      "location" : "https://github.com/RevenueCat/purchases-ios-spm",
      "state" : {
        "revision" : "c69a23f56c63bdfe96096fa64a1c65334d2592db",
        "version" : "5.83.0"
      }
    },
    {
      "identity" : "sentry-cocoa",
      "kind" : "remoteSourceControl",
      "location" : "https://github.com/getsentry/sentry-cocoa",
      "state" : {
        "revision" : "d27a0ddf0cd1bc90ab038f5781fddc39b894430e",
        "version" : "9.25.0"
      }
    }
  ],
  "version" : 3
}
